
Microsoft Visual Studio Solution File, Format Version 12.00
# Visual Studio Version 16
VisualStudioVersion = 16.0.30804.86
MinimumVisualStudioVersion = 10.0.40219.1
Project("{8BC9CEB8-8B4A-11D0-8D11-00A0C91BC942}") = "Queue", "Queue.vcxproj", "{BCE861EC-7A32-4B7C-9111-1F9D77931623}"
EndProject
Global
	GlobalSection(SolutionConfigurationPlatforms) = preSolution
		Debug|x64 = Debug|x64
		Debug|x86 = Debug|x86
		Release|x64 = Release|x64
		Release|x86 = Release|x86
	EndGlobalSection
	GlobalSection(ProjectConfigurationPlatforms) = postSolution
		{BCE861EC-7A32-4B7C-9111-1F9D77931623}.Debug|x64.ActiveCfg = Debug|x64
		{BCE861EC-7A32-4B7C-9111-1F9D77931623}.Debug|x64.Build.0 = Debug|x64
		{BCE861EC-7A32-4B7C-9111-1F9D77931623}.Debug|x86.ActiveCfg = Debug|Win32
		{BCE861EC-7A32-4B7C-9111-1F9D77931623}.Debug|x86.Build.0 = Debug|Win32
		{BCE861EC-7A32-4B7C-9111-1F9D77931623}.Release|x64.ActiveCfg = Release|x64
		{BCE861EC-7A32-4B7C-9111-1F9D77931623}.Release|x64.Build.0 = Release|x64
		{BCE861EC-7A32-4B7C-9111-1F9D77931623}.Release|x86.ActiveCfg = Release|Win32
		{BCE861EC-7A32-4B7C-9111-1F9D77931623}.Release|x86.Build.0 = Release|Win32
	EndGlobalSection
	GlobalSection(SolutionProperties) = preSolution
		HideSolutionNode = FALSE
	EndGlobalSection
	GlobalSection(ExtensibilityGlobals) = postSolution
		SolutionGuid = {2BC9D344-541B-469C-9102-6C8129792E2C}
	EndGlobalSection
EndGlobal
